// !$*UTF8*$!
{
	archiveVersion = 1;
	classes = {
	};
	objectVersion = 46;
	objects = {

/* Begin PBXBuildFile section */
		321F6EB9C8E2307BF1424753 /* Pods_QwkPassApp.framework in Frameworks */ = {isa = PBXBuildFile; fileRef = AEDB13C90EA957A5E54B9461 /* Pods_QwkPassApp.framework */; };
		632FDF251F785EB100C7E673 /* QR_ViewController.swift in Sources */ = {isa = PBXBuildFile; fileRef = 632FDF241F785EB100C7E673 /* QR_ViewController.swift */; };
		677B06F879B2BDAC4CF4A4E9 /* Pods_QwkPassAppUITests.framework in Frameworks */ = {isa = PBXBuildFile; fileRef = 949A74ACF34F9255B4EBE9F4 /* Pods_QwkPassAppUITests.framework */; };
		B3851BAC1F6C77BC00D8A8DC /* AppDelegate.swift in Sources */ = {isa = PBXBuildFile; fileRef = B3851BAB1F6C77BC00D8A8DC /* AppDelegate.swift */; };
		B3851BAE1F6C77BC00D8A8DC /* LaunchViewController.swift in Sources */ = {isa = PBXBuildFile; fileRef = B3851BAD1F6C77BC00D8A8DC /* LaunchViewController.swift */; };
		B3851BB11F6C77BC00D8A8DC /* Main.storyboard in Resources */ = {isa = PBXBuildFile; fileRef = B3851BAF1F6C77BC00D8A8DC /* Main.storyboard */; };
		B3851BB31F6C77BC00D8A8DC /* Assets.xcassets in Resources */ = {isa = PBXBuildFile; fileRef = B3851BB21F6C77BC00D8A8DC /* Assets.xcassets */; };
		B3851BB61F6C77BC00D8A8DC /* LaunchScreen.storyboard in Resources */ = {isa = PBXBuildFile; fileRef = B3851BB41F6C77BC00D8A8DC /* LaunchScreen.storyboard */; };
		B3851BC11F6C77BC00D8A8DC /* QwkPassAppTests.swift in Sources */ = {isa = PBXBuildFile; fileRef = B3851BC01F6C77BC00D8A8DC /* QwkPassAppTests.swift */; };
		B3851BCC1F6C77BC00D8A8DC /* QwkPassAppUITests.swift in Sources */ = {isa = PBXBuildFile; fileRef = B3851BCB1F6C77BC00D8A8DC /* QwkPassAppUITests.swift */; };
		B3851BDC1F6C8F4E00D8A8DC /* Nunito in Resources */ = {isa = PBXBuildFile; fileRef = B3851BDB1F6C8F4E00D8A8DC /* Nunito */; };
		B3851BDE1F6C8FF900D8A8DC /* Nunito-Regular.ttf in Resources */ = {isa = PBXBuildFile; fileRef = B3851BDD1F6C8FF900D8A8DC /* Nunito-Regular.ttf */; };
		B3851BE21F6C9F7700D8A8DC /* RegisterViewController.swift in Sources */ = {isa = PBXBuildFile; fileRef = B3851BE11F6C9F7700D8A8DC /* RegisterViewController.swift */; };
		B3851BE41F6CA3DA00D8A8DC /* Nunito-Bold.ttf in Resources */ = {isa = PBXBuildFile; fileRef = B3851BE31F6CA3DA00D8A8DC /* Nunito-Bold.ttf */; };
		B397B0841F6F399D00B6C9C3 /* GoogleService-Info.plist in Resources */ = {isa = PBXBuildFile; fileRef = B397B0831F6F399D00B6C9C3 /* GoogleService-Info.plist */; };
		BCE5C9F3F4B949DC600C92BE /* Pods_QwkPassAppTests.framework in Frameworks */ = {isa = PBXBuildFile; fileRef = 1178621C9D0A99DFB219C32A /* Pods_QwkPassAppTests.framework */; };
/* End PBXBuildFile section */

/* Begin PBXContainerItemProxy section */
		B3851BBD1F6C77BC00D8A8DC /* PBXContainerItemProxy */ = {
			isa = PBXContainerItemProxy;
			containerPortal = B3851BA01F6C77BC00D8A8DC /* Project object */;
			proxyType = 1;
			remoteGlobalIDString = B3851BA71F6C77BC00D8A8DC;
			remoteInfo = QwkPassApp;
		};
		B3851BC81F6C77BC00D8A8DC /* PBXContainerItemProxy */ = {
			isa = PBXContainerItemProxy;
			containerPortal = B3851BA01F6C77BC00D8A8DC /* Project object */;
			proxyType = 1;
			remoteGlobalIDString = B3851BA71F6C77BC00D8A8DC;
			remoteInfo = QwkPassApp;
		};
/* End PBXContainerItemProxy section */

/* Begin PBXFileReference section */
		1178621C9D0A99DFB219C32A /* Pods_QwkPassAppTests.framework */ = {isa = PBXFileReference; explicitFileType = wrapper.framework; includeInIndex = 0; path = Pods_QwkPassAppTests.framework; sourceTree = BUILT_PRODUCTS_DIR; };
		18000553D955F58F6BEB0E81 /* Pods-QwkPassAppUITests.debug.xcconfig */ = {isa = PBXFileReference; includeInIndex = 1; lastKnownFileType = text.xcconfig; name = "Pods-QwkPassAppUITests.debug.xcconfig"; path = "Pods/Target Support Files/Pods-QwkPassAppUITests/Pods-QwkPassAppUITests.debug.xcconfig"; sourceTree = "<group>"; };
		2FF4293ABB5FE7B5914C8480 /* Pods-QwkPassApp.release.xcconfig */ = {isa = PBXFileReference; includeInIndex = 1; lastKnownFileType = text.xcconfig; name = "Pods-QwkPassApp.release.xcconfig"; path = "Pods/Target Support Files/Pods-QwkPassApp/Pods-QwkPassApp.release.xcconfig"; sourceTree = "<group>"; };
		632FDF241F785EB100C7E673 /* QR_ViewController.swift */ = {isa = PBXFileReference; fileEncoding = 4; lastKnownFileType = sourcecode.swift; path = QR_ViewController.swift; sourceTree = "<group>"; };
		82A10AD830205B55F0C91607 /* Pods-QwkPassAppTests.release.xcconfig */ = {isa = PBXFileReference; includeInIndex = 1; lastKnownFileType = text.xcconfig; name = "Pods-QwkPassAppTests.release.xcconfig"; path = "Pods/Target Support Files/Pods-QwkPassAppTests/Pods-QwkPassAppTests.release.xcconfig"; sourceTree = "<group>"; };
		949A74ACF34F9255B4EBE9F4 /* Pods_QwkPassAppUITests.framework */ = {isa = PBXFileReference; explicitFileType = wrapper.framework; includeInIndex = 0; path = Pods_QwkPassAppUITests.framework; sourceTree = BUILT_PRODUCTS_DIR; };
		AEDB13C90EA957A5E54B9461 /* Pods_QwkPassApp.framework */ = {isa = PBXFileReference; explicitFileType = wrapper.framework; includeInIndex = 0; path = Pods_QwkPassApp.framework; sourceTree = BUILT_PRODUCTS_DIR; };
		B3851BA81F6C77BC00D8A8DC /* QwkPassApp.app */ = {isa = PBXFileReference; explicitFileType = wrapper.application; includeInIndex = 0; path = QwkPassApp.app; sourceTree = BUILT_PRODUCTS_DIR; };
		B3851BAB1F6C77BC00D8A8DC /* AppDelegate.swift */ = {isa = PBXFileReference; lastKnownFileType = sourcecode.swift; path = AppDelegate.swift; sourceTree = "<group>"; };
		B3851BAD1F6C77BC00D8A8DC /* LaunchViewController.swift */ = {isa = PBXFileReference; lastKnownFileType = sourcecode.swift; path = LaunchViewController.swift; sourceTree = "<group>"; };
		B3851BB01F6C77BC00D8A8DC /* Base */ = {isa = PBXFileReference; lastKnownFileType = file.storyboard; name = Base; path = Base.lproj/Main.storyboard; sourceTree = "<group>"; };
		B3851BB21F6C77BC00D8A8DC /* Assets.xcassets */ = {isa = PBXFileReference; lastKnownFileType = folder.assetcatalog; path = Assets.xcassets; sourceTree = "<group>"; };
		B3851BB51F6C77BC00D8A8DC /* Base */ = {isa = PBXFileReference; lastKnownFileType = file.storyboard; name = Base; path = Base.lproj/LaunchScreen.storyboard; sourceTree = "<group>"; };
		B3851BB71F6C77BC00D8A8DC /* Info.plist */ = {isa = PBXFileReference; lastKnownFileType = text.plist.xml; path = Info.plist; sourceTree = "<group>"; };
		B3851BBC1F6C77BC00D8A8DC /* QwkPassAppTests.xctest */ = {isa = PBXFileReference; explicitFileType = wrapper.cfbundle; includeInIndex = 0; path = QwkPassAppTests.xctest; sourceTree = BUILT_PRODUCTS_DIR; };
		B3851BC01F6C77BC00D8A8DC /* QwkPassAppTests.swift */ = {isa = PBXFileReference; lastKnownFileType = sourcecode.swift; path = QwkPassAppTests.swift; sourceTree = "<group>"; };
		B3851BC21F6C77BC00D8A8DC /* Info.plist */ = {isa = PBXFileReference; lastKnownFileType = text.plist.xml; path = Info.plist; sourceTree = "<group>"; };
		B3851BC71F6C77BC00D8A8DC /* QwkPassAppUITests.xctest */ = {isa = PBXFileReference; explicitFileType = wrapper.cfbundle; includeInIndex = 0; path = QwkPassAppUITests.xctest; sourceTree = BUILT_PRODUCTS_DIR; };
		B3851BCB1F6C77BC00D8A8DC /* QwkPassAppUITests.swift */ = {isa = PBXFileReference; lastKnownFileType = sourcecode.swift; path = QwkPassAppUITests.swift; sourceTree = "<group>"; };
		B3851BCD1F6C77BC00D8A8DC /* Info.plist */ = {isa = PBXFileReference; lastKnownFileType = text.plist.xml; path = Info.plist; sourceTree = "<group>"; };
		B3851BDB1F6C8F4E00D8A8DC /* Nunito */ = {isa = PBXFileReference; lastKnownFileType = folder; path = Nunito; sourceTree = "<group>"; };
		B3851BDD1F6C8FF900D8A8DC /* Nunito-Regular.ttf */ = {isa = PBXFileReference; lastKnownFileType = file; name = "Nunito-Regular.ttf"; path = "QwkPassApp/Nunito/Nunito-Regular.ttf"; sourceTree = "<group>"; };
		B3851BE11F6C9F7700D8A8DC /* RegisterViewController.swift */ = {isa = PBXFileReference; fileEncoding = 4; lastKnownFileType = sourcecode.swift; path = RegisterViewController.swift; sourceTree = "<group>"; };
		B3851BE31F6CA3DA00D8A8DC /* Nunito-Bold.ttf */ = {isa = PBXFileReference; lastKnownFileType = file; name = "Nunito-Bold.ttf"; path = "QwkPassApp/Nunito/Nunito-Bold.ttf"; sourceTree = "<group>"; };
		B397B0831F6F399D00B6C9C3 /* GoogleService-Info.plist */ = {isa = PBXFileReference; fileEncoding = 4; lastKnownFileType = text.plist.xml; path = "GoogleService-Info.plist"; sourceTree = "<group>"; };
		C1C9DA37F4656680B8C548AA /* Pods-QwkPassAppUITests.release.xcconfig */ = {isa = PBXFileReference; includeInIndex = 1; lastKnownFileType = text.xcconfig; name = "Pods-QwkPassAppUITests.release.xcconfig"; path = "Pods/Target Support Files/Pods-QwkPassAppUITests/Pods-QwkPassAppUITests.release.xcconfig"; sourceTree = "<group>"; };
		EAAB8A00B3BEDE3E5CA830A9 /* Pods-QwkPassAppTests.debug.xcconfig */ = {isa = PBXFileReference; includeInIndex = 1; lastKnownFileType = text.xcconfig; name = "Pods-QwkPassAppTests.debug.xcconfig"; path = "Pods/Target Support Files/Pods-QwkPassAppTests/Pods-QwkPassAppTests.debug.xcconfig"; sourceTree = "<group>"; };
		ED69B7D8296C2615111F9347 /* Pods-QwkPassApp.debug.xcconfig */ = {isa = PBXFileReference; includeInIndex = 1; lastKnownFileType = text.xcconfig; name = "Pods-QwkPassApp.debug.xcconfig"; path = "Pods/Target Support Files/Pods-QwkPassApp/Pods-QwkPassApp.debug.xcconfig"; sourceTree = "<group>"; };
/* End PBXFileReference section */

/* Begin PBXFrameworksBuildPhase section */
		B3851BA51F6C77BC00D8A8DC /* Frameworks */ = {
			isa = PBXFrameworksBuildPhase;
			buildActionMask = 2147483647;
			files = (
				321F6EB9C8E2307BF1424753 /* Pods_QwkPassApp.framework in Frameworks */,
			);
			runOnlyForDeploymentPostprocessing = 0;
		};
		B3851BB91F6C77BC00D8A8DC /* Frameworks */ = {
			isa = PBXFrameworksBuildPhase;
			buildActionMask = 2147483647;
			files = (
				BCE5C9F3F4B949DC600C92BE /* Pods_QwkPassAppTests.framework in Frameworks */,
			);
			runOnlyForDeploymentPostprocessing = 0;
		};
		B3851BC41F6C77BC00D8A8DC /* Frameworks */ = {
			isa = PBXFrameworksBuildPhase;
			buildActionMask = 2147483647;
			files = (
				677B06F879B2BDAC4CF4A4E9 /* Pods_QwkPassAppUITests.framework in Frameworks */,
			);
			runOnlyForDeploymentPostprocessing = 0;
		};
/* End PBXFrameworksBuildPhase section */

/* Begin PBXGroup section */
		4D1F64BA55E392B651DCB3CC /* Frameworks */ = {
			isa = PBXGroup;
			children = (
				AEDB13C90EA957A5E54B9461 /* Pods_QwkPassApp.framework */,
				1178621C9D0A99DFB219C32A /* Pods_QwkPassAppTests.framework */,
				949A74ACF34F9255B4EBE9F4 /* Pods_QwkPassAppUITests.framework */,
			);
			name = Frameworks;
			sourceTree = "<group>";
		};
		94D76DE5BECA3D72452D9373 /* Pods */ = {
			isa = PBXGroup;
			children = (
				ED69B7D8296C2615111F9347 /* Pods-QwkPassApp.debug.xcconfig */,
				2FF4293ABB5FE7B5914C8480 /* Pods-QwkPassApp.release.xcconfig */,
				EAAB8A00B3BEDE3E5CA830A9 /* Pods-QwkPassAppTests.debug.xcconfig */,
				82A10AD830205B55F0C91607 /* Pods-QwkPassAppTests.release.xcconfig */,
				18000553D955F58F6BEB0E81 /* Pods-QwkPassAppUITests.debug.xcconfig */,
				C1C9DA37F4656680B8C548AA /* Pods-QwkPassAppUITests.release.xcconfig */,
			);
			name = Pods;
			sourceTree = "<group>";
		};
		B3851B9F1F6C77BC00D8A8DC = {
			isa = PBXGroup;
			children = (
				B3851BE31F6CA3DA00D8A8DC /* Nunito-Bold.ttf */,
				B3851BDD1F6C8FF900D8A8DC /* Nunito-Regular.ttf */,
				B3851BAA1F6C77BC00D8A8DC /* QwkPassApp */,
				B3851BBF1F6C77BC00D8A8DC /* QwkPassAppTests */,
				B3851BCA1F6C77BC00D8A8DC /* QwkPassAppUITests */,
				B3851BA91F6C77BC00D8A8DC /* Products */,
				94D76DE5BECA3D72452D9373 /* Pods */,
				4D1F64BA55E392B651DCB3CC /* Frameworks */,
			);
			sourceTree = "<group>";
		};
		B3851BA91F6C77BC00D8A8DC /* Products */ = {
			isa = PBXGroup;
			children = (
				B3851BA81F6C77BC00D8A8DC /* QwkPassApp.app */,
				B3851BBC1F6C77BC00D8A8DC /* QwkPassAppTests.xctest */,
				B3851BC71F6C77BC00D8A8DC /* QwkPassAppUITests.xctest */,
			);
			name = Products;
			sourceTree = "<group>";
		};
		B3851BAA1F6C77BC00D8A8DC /* QwkPassApp */ = {
			isa = PBXGroup;
			children = (
				B3851BDB1F6C8F4E00D8A8DC /* Nunito */,
				B3851BAB1F6C77BC00D8A8DC /* AppDelegate.swift */,
				B3851BAD1F6C77BC00D8A8DC /* LaunchViewController.swift */,
				632FDF241F785EB100C7E673 /* QR_ViewController.swift */,
				B3851BAF1F6C77BC00D8A8DC /* Main.storyboard */,
				B3851BB21F6C77BC00D8A8DC /* Assets.xcassets */,
				B3851BB41F6C77BC00D8A8DC /* LaunchScreen.storyboard */,
				B3851BB71F6C77BC00D8A8DC /* Info.plist */,
				B3851BE11F6C9F7700D8A8DC /* RegisterViewController.swift */,
				B397B0831F6F399D00B6C9C3 /* GoogleService-Info.plist */,
			);
			path = QwkPassApp;
			sourceTree = "<group>";
		};
		B3851BBF1F6C77BC00D8A8DC /* QwkPassAppTests */ = {
			isa = PBXGroup;
			children = (
				B3851BC01F6C77BC00D8A8DC /* QwkPassAppTests.swift */,
				B3851BC21F6C77BC00D8A8DC /* Info.plist */,
			);
			path = QwkPassAppTests;
			sourceTree = "<group>";
		};
		B3851BCA1F6C77BC00D8A8DC /* QwkPassAppUITests */ = {
			isa = PBXGroup;
			children = (
				B3851BCB1F6C77BC00D8A8DC /* QwkPassAppUITests.swift */,
				B3851BCD1F6C77BC00D8A8DC /* Info.plist */,
			);
			path = QwkPassAppUITests;
			sourceTree = "<group>";
		};
/* End PBXGroup section */

/* Begin PBXNativeTarget section */
		B3851BA71F6C77BC00D8A8DC /* QwkPassApp */ = {
			isa = PBXNativeTarget;
			buildConfigurationList = B3851BD01F6C77BC00D8A8DC /* Build configuration list for PBXNativeTarget "QwkPassApp" */;
			buildPhases = (
				A55FCCE6DC55337DAAEEAB56 /* [CP] Check Pods Manifest.lock */,
				B3851BA41F6C77BC00D8A8DC /* Sources */,
				B3851BA51F6C77BC00D8A8DC /* Frameworks */,
				B3851BA61F6C77BC00D8A8DC /* Resources */,
				58ED9B45E7DCD9068C5EB844 /* [CP] Embed Pods Frameworks */,
				E2BE6CFE113C498B4DC144B5 /* [CP] Copy Pods Resources */,
			);
			buildRules = (
			);
			dependencies = (
			);
			name = QwkPassApp;
			productName = QwkPassApp;
			productReference = B3851BA81F6C77BC00D8A8DC /* QwkPassApp.app */;
			productType = "com.apple.product-type.application";
		};
		B3851BBB1F6C77BC00D8A8DC /* QwkPassAppTests */ = {
			isa = PBXNativeTarget;
			buildConfigurationList = B3851BD31F6C77BC00D8A8DC /* Build configuration list for PBXNativeTarget "QwkPassAppTests" */;
			buildPhases = (
				C4278188FDF4EDF7ED6A428D /* [CP] Check Pods Manifest.lock */,
				B3851BB81F6C77BC00D8A8DC /* Sources */,
				B3851BB91F6C77BC00D8A8DC /* Frameworks */,
				B3851BBA1F6C77BC00D8A8DC /* Resources */,
				E47D2A75A9F91F9B0DE0079B /* [CP] Embed Pods Frameworks */,
				9896D28F375C62FC577BE64C /* [CP] Copy Pods Resources */,
			);
			buildRules = (
			);
			dependencies = (
				B3851BBE1F6C77BC00D8A8DC /* PBXTargetDependency */,
			);
			name = QwkPassAppTests;
			productName = QwkPassAppTests;
			productReference = B3851BBC1F6C77BC00D8A8DC /* QwkPassAppTests.xctest */;
			productType = "com.apple.product-type.bundle.unit-test";
		};
		B3851BC61F6C77BC00D8A8DC /* QwkPassAppUITests */ = {
			isa = PBXNativeTarget;
			buildConfigurationList = B3851BD61F6C77BC00D8A8DC /* Build configuration list for PBXNativeTarget "QwkPassAppUITests" */;
			buildPhases = (
				8024B0ECD15E1B1B8EE0CE81 /* [CP] Check Pods Manifest.lock */,
				B3851BC31F6C77BC00D8A8DC /* Sources */,
				B3851BC41F6C77BC00D8A8DC /* Frameworks */,
				B3851BC51F6C77BC00D8A8DC /* Resources */,
				0D438969201BF3D1B670D370 /* [CP] Embed Pods Frameworks */,
				825DB431AA94124307F2F11E /* [CP] Copy Pods Resources */,
			);
			buildRules = (
			);
			dependencies = (
				B3851BC91F6C77BC00D8A8DC /* PBXTargetDependency */,
			);
			name = QwkPassAppUITests;
			productName = QwkPassAppUITests;
			productReference = B3851BC71F6C77BC00D8A8DC /* QwkPassAppUITests.xctest */;
			productType = "com.apple.product-type.bundle.ui-testing";
		};
/* End PBXNativeTarget section */

/* Begin PBXProject section */
		B3851BA01F6C77BC00D8A8DC /* Project object */ = {
			isa = PBXProject;
			attributes = {
				LastSwiftUpdateCheck = 0830;
				LastUpgradeCheck = 0830;
				ORGANIZATIONNAME = "Jay Bajaj";
				TargetAttributes = {
					B3851BA71F6C77BC00D8A8DC = {
						CreatedOnToolsVersion = 8.3.3;
						ProvisioningStyle = Automatic;
					};
					B3851BBB1F6C77BC00D8A8DC = {
						CreatedOnToolsVersion = 8.3.3;
						ProvisioningStyle = Automatic;
						TestTargetID = B3851BA71F6C77BC00D8A8DC;
					};
					B3851BC61F6C77BC00D8A8DC = {
						CreatedOnToolsVersion = 8.3.3;
						ProvisioningStyle = Automatic;
						TestTargetID = B3851BA71F6C77BC00D8A8DC;
					};
				};
			};
			buildConfigurationList = B3851BA31F6C77BC00D8A8DC /* Build configuration list for PBXProject "QwkPassApp" */;
			compatibilityVersion = "Xcode 3.2";
			developmentRegion = English;
			hasScannedForEncodings = 0;
			knownRegions = (
				en,
				Base,
			);
			mainGroup = B3851B9F1F6C77BC00D8A8DC;
			productRefGroup = B3851BA91F6C77BC00D8A8DC /* Products */;
			projectDirPath = "";
			projectRoot = "";
			targets = (
				B3851BA71F6C77BC00D8A8DC /* QwkPassApp */,
				B3851BBB1F6C77BC00D8A8DC /* QwkPassAppTests */,
				B3851BC61F6C77BC00D8A8DC /* QwkPassAppUITests */,
			);
		};
/* End PBXProject section */

/* Begin PBXResourcesBuildPhase section */
		B3851BA61F6C77BC00D8A8DC /* Resources */ = {
			isa = PBXResourcesBuildPhase;
			buildActionMask = 2147483647;
			files = (
				B3851BE41F6CA3DA00D8A8DC /* Nunito-Bold.ttf in Resources */,
				B3851BDE1F6C8FF900D8A8DC /* Nunito-Regular.ttf in Resources */,
				B3851BB61F6C77BC00D8A8DC /* LaunchScreen.storyboard in Resources */,
				B3851BB31F6C77BC00D8A8DC /* Assets.xcassets in Resources */,
				B3851BB11F6C77BC00D8A8DC /* Main.storyboard in Resources */,
				B3851BDC1F6C8F4E00D8A8DC /* Nunito in Resources */,
				B397B0841F6F399D00B6C9C3 /* GoogleService-Info.plist in Resources */,
			);
			runOnlyForDeploymentPostprocessing = 0;
		};
		B3851BBA1F6C77BC00D8A8DC /* Resources */ = {
			isa = PBXResourcesBuildPhase;
			buildActionMask = 2147483647;
			files = (
			);
			runOnlyForDeploymentPostprocessing = 0;
		};
		B3851BC51F6C77BC00D8A8DC /* Resources */ = {
			isa = PBXResourcesBuildPhase;
			buildActionMask = 2147483647;
			files = (
			);
			runOnlyForDeploymentPostprocessing = 0;
		};
/* End PBXResourcesBuildPhase section */

/* Begin PBXShellScriptBuildPhase section */
		0D438969201BF3D1B670D370 /* [CP] Embed Pods Frameworks */ = {
			isa = PBXShellScriptBuildPhase;
			buildActionMask = 2147483647;
			files = (
			);
			inputPaths = (
			);
			name = "[CP] Embed Pods Frameworks";
			outputPaths = (
			);
			runOnlyForDeploymentPostprocessing = 0;
			shellPath = /bin/sh;
			shellScript = "\"${SRCROOT}/Pods/Target Support Files/Pods-QwkPassAppUITests/Pods-QwkPassAppUITests-frameworks.sh\"\n";
			showEnvVarsInLog = 0;
		};
		58ED9B45E7DCD9068C5EB844 /* [CP] Embed Pods Frameworks */ = {
			isa = PBXShellScriptBuildPhase;
			buildActionMask = 2147483647;
			files = (
			);
			inputPaths = (
				"${SRCROOT}/Pods/Target Support Files/Pods-QwkPassApp/Pods-QwkPassApp-frameworks.sh",
				"${BUILT_PRODUCTS_DIR}/Bolts/Bolts.framework",
				"${BUILT_PRODUCTS_DIR}/FBSDKCoreKit/FBSDKCoreKit.framework",
				"${BUILT_PRODUCTS_DIR}/FBSDKLoginKit/FBSDKLoginKit.framework",
				"${BUILT_PRODUCTS_DIR}/FacebookCore/FacebookCore.framework",
				"${BUILT_PRODUCTS_DIR}/FacebookLogin/FacebookLogin.framework",
				"${BUILT_PRODUCTS_DIR}/GoogleToolboxForMac/GoogleToolboxForMac.framework",
				"${BUILT_PRODUCTS_DIR}/nanopb/nanopb.framework",
			);
			name = "[CP] Embed Pods Frameworks";
			outputPaths = (
				"${TARGET_BUILD_DIR}/${FRAMEWORKS_FOLDER_PATH}/Bolts.framework",
				"${TARGET_BUILD_DIR}/${FRAMEWORKS_FOLDER_PATH}/FBSDKCoreKit.framework",
				"${TARGET_BUILD_DIR}/${FRAMEWORKS_FOLDER_PATH}/FBSDKLoginKit.framework",
				"${TARGET_BUILD_DIR}/${FRAMEWORKS_FOLDER_PATH}/FacebookCore.framework",
				"${TARGET_BUILD_DIR}/${FRAMEWORKS_FOLDER_PATH}/FacebookLogin.framework",
				"${TARGET_BUILD_DIR}/${FRAMEWORKS_FOLDER_PATH}/GoogleToolboxForMac.framework",
				"${TARGET_BUILD_DIR}/${FRAMEWORKS_FOLDER_PATH}/nanopb.framework",
			);
			runOnlyForDeploymentPostprocessing = 0;
			shellPath = /bin/sh;
			shellScript = "\"${SRCROOT}/Pods/Target Support Files/Pods-QwkPassApp/Pods-QwkPassApp-frameworks.sh\"\n";
			showEnvVarsInLog = 0;
		};
		8024B0ECD15E1B1B8EE0CE81 /* [CP] Check Pods Manifest.lock */ = {
			isa = PBXShellScriptBuildPhase;
			buildActionMask = 2147483647;
			files = (
			);
			inputPaths = (
				"${PODS_PODFILE_DIR_PATH}/Podfile.lock",
				"${PODS_ROOT}/Manifest.lock",
			);
			name = "[CP] Check Pods Manifest.lock";
			outputPaths = (
				"$(DERIVED_FILE_DIR)/Pods-QwkPassAppUITests-checkManifestLockResult.txt",
			);
			runOnlyForDeploymentPostprocessing = 0;
			shellPath = /bin/sh;
			shellScript = "diff \"${PODS_PODFILE_DIR_PATH}/Podfile.lock\" \"${PODS_ROOT}/Manifest.lock\" > /dev/null\nif [ $? != 0 ] ; then\n    # print error to STDERR\n    echo \"error: The sandbox is not in sync with the Podfile.lock. Run 'pod install' or update your CocoaPods installation.\" >&2\n    exit 1\nfi\n# This output is used by Xcode 'outputs' to avoid re-running this script phase.\necho \"SUCCESS\" > \"${SCRIPT_OUTPUT_FILE_0}\"\n";
			showEnvVarsInLog = 0;
		};
		825DB431AA94124307F2F11E /* [CP] Copy Pods Resources */ = {
			isa = PBXShellScriptBuildPhase;
			buildActionMask = 2147483647;
			files = (
			);
			inputPaths = (
			);
			name = "[CP] Copy Pods Resources";
			outputPaths = (
			);
			runOnlyForDeploymentPostprocessing = 0;
			shellPath = /bin/sh;
			shellScript = "\"${SRCROOT}/Pods/Target Support Files/Pods-QwkPassAppUITests/Pods-QwkPassAppUITests-resources.sh\"\n";
			showEnvVarsInLog = 0;
		};
		9896D28F375C62FC577BE64C /* [CP] Copy Pods Resources */ = {
			isa = PBXShellScriptBuildPhase;
			buildActionMask = 2147483647;
			files = (
			);
			inputPaths = (
			);
			name = "[CP] Copy Pods Resources";
			outputPaths = (
			);
			runOnlyForDeploymentPostprocessing = 0;
			shellPath = /bin/sh;
			shellScript = "\"${SRCROOT}/Pods/Target Support Files/Pods-QwkPassAppTests/Pods-QwkPassAppTests-resources.sh\"\n";
			showEnvVarsInLog = 0;
		};
		A55FCCE6DC55337DAAEEAB56 /* [CP] Check Pods Manifest.lock */ = {
			isa = PBXShellScriptBuildPhase;
			buildActionMask = 2147483647;
			files = (
			);
			inputPaths = (
				"${PODS_PODFILE_DIR_PATH}/Podfile.lock",
				"${PODS_ROOT}/Manifest.lock",
			);
			name = "[CP] Check Pods Manifest.lock";
			outputPaths = (
				"$(DERIVED_FILE_DIR)/Pods-QwkPassApp-checkManifestLockResult.txt",
			);
			runOnlyForDeploymentPostprocessing = 0;
			shellPath = /bin/sh;
			shellScript = "diff \"${PODS_PODFILE_DIR_PATH}/Podfile.lock\" \"${PODS_ROOT}/Manifest.lock\" > /dev/null\nif [ $? != 0 ] ; then\n    # print error to STDERR\n    echo \"error: The sandbox is not in sync with the Podfile.lock. Run 'pod install' or update your CocoaPods installation.\" >&2\n    exit 1\nfi\n# This output is used by Xcode 'outputs' to avoid re-running this script phase.\necho \"SUCCESS\" > \"${SCRIPT_OUTPUT_FILE_0}\"\n";
			showEnvVarsInLog = 0;
		};
		C4278188FDF4EDF7ED6A428D /* [CP] Check Pods Manifest.lock */ = {
			isa = PBXShellScriptBuildPhase;
			buildActionMask = 2147483647;
			files = (
			);
			inputPaths = (
				"${PODS_PODFILE_DIR_PATH}/Podfile.lock",
				"${PODS_ROOT}/Manifest.lock",
			);
			name = "[CP] Check Pods Manifest.lock";
			outputPaths = (
				"$(DERIVED_FILE_DIR)/Pods-QwkPassAppTests-checkManifestLockResult.txt",
			);
			runOnlyForDeploymentPostprocessing = 0;
			shellPath = /bin/sh;
			shellScript = "diff \"${PODS_PODFILE_DIR_PATH}/Podfile.lock\" \"${PODS_ROOT}/Manifest.lock\" > /dev/null\nif [ $? != 0 ] ; then\n    # print error to STDERR\n    echo \"error: The sandbox is not in sync with the Podfile.lock. Run 'pod install' or update your CocoaPods installation.\" >&2\n    exit 1\nfi\n# This output is used by Xcode 'outputs' to avoid re-running this script phase.\necho \"SUCCESS\" > \"${SCRIPT_OUTPUT_FILE_0}\"\n";
			showEnvVarsInLog = 0;
		};
		E2BE6CFE113C498B4DC144B5 /* [CP] Copy Pods Resources */ = {
			isa = PBXShellScriptBuildPhase;
			buildActionMask = 2147483647;
			files = (
			);
			inputPaths = (
			);
			name = "[CP] Copy Pods Resources";
			outputPaths = (
			);
			runOnlyForDeploymentPostprocessing = 0;
			shellPath = /bin/sh;
			shellScript = "\"${SRCROOT}/Pods/Target Support Files/Pods-QwkPassApp/Pods-QwkPassApp-resources.sh\"\n";
			showEnvVarsInLog = 0;
		};
		E47D2A75A9F91F9B0DE0079B /* [CP] Embed Pods Frameworks */ = {
			isa = PBXShellScriptBuildPhase;
			buildActionMask = 2147483647;
			files = (
			);
			inputPaths = (
			);
			name = "[CP] Embed Pods Frameworks";
			outputPaths = (
			);
			runOnlyForDeploymentPostprocessing = 0;
			shellPath = /bin/sh;
			shellScript = "\"${SRCROOT}/Pods/Target Support Files/Pods-QwkPassAppTests/Pods-QwkPassAppTests-frameworks.sh\"\n";
			showEnvVarsInLog = 0;
		};
/* End PBXShellScriptBuildPhase section */

/* Begin PBXSourcesBuildPhase section */
		B3851BA41F6C77BC00D8A8DC /* Sources */ = {
			isa = PBXSourcesBuildPhase;
			buildActionMask = 2147483647;
			files = (
				B3851BE21F6C9F7700D8A8DC /* RegisterViewController.swift in Sources */,
				B3851BAE1F6C77BC00D8A8DC /* LaunchViewController.swift in Sources */,
				B3851BAC1F6C77BC00D8A8DC /* AppDelegate.swift in Sources */,
				632FDF251F785EB100C7E673 /* QR_ViewController.swift in Sources */,
			);
			runOnlyForDeploymentPostprocessing = 0;
		};
		B3851BB81F6C77BC00D8A8DC /* Sources */ = {
			isa = PBXSourcesBuildPhase;
			buildActionMask = 2147483647;
			files = (
				B3851BC11F6C77BC00D8A8DC /* QwkPassAppTests.swift in Sources */,
			);
			runOnlyForDeploymentPostprocessing = 0;
		};
		B3851BC31F6C77BC00D8A8DC /* Sources */ = {
			isa = PBXSourcesBuildPhase;
			buildActionMask = 2147483647;
			files = (
				B3851BCC1F6C77BC00D8A8DC /* QwkPassAppUITests.swift in Sources */,
			);
			runOnlyForDeploymentPostprocessing = 0;
		};
/* End PBXSourcesBuildPhase section */

/* Begin PBXTargetDependency section */
		B3851BBE1F6C77BC00D8A8DC /* PBXTargetDependency */ = {
			isa = PBXTargetDependency;
			target = B3851BA71F6C77BC00D8A8DC /* QwkPassApp */;
			targetProxy = B3851BBD1F6C77BC00D8A8DC /* PBXContainerItemProxy */;
		};
		B3851BC91F6C77BC00D8A8DC /* PBXTargetDependency */ = {
			isa = PBXTargetDependency;
			target = B3851BA71F6C77BC00D8A8DC /* QwkPassApp */;
			targetProxy = B3851BC81F6C77BC00D8A8DC /* PBXContainerItemProxy */;
		};
/* End PBXTargetDependency section */

/* Begin PBXVariantGroup section */
		B3851BAF1F6C77BC00D8A8DC /* Main.storyboard */ = {
			isa = PBXVariantGroup;
			children = (
				B3851BB01F6C77BC00D8A8DC /* Base */,
			);
			name = Main.storyboard;
			sourceTree = "<group>";
		};
		B3851BB41F6C77BC00D8A8DC /* LaunchScreen.storyboard */ = {
			isa = PBXVariantGroup;
			children = (
				B3851BB51F6C77BC00D8A8DC /* Base */,
			);
			name = LaunchScreen.storyboard;
			sourceTree = "<group>";
		};
/* End PBXVariantGroup section */

/* Begin XCBuildConfiguration section */
		B3851BCE1F6C77BC00D8A8DC /* Debug */ = {
			isa = XCBuildConfiguration;
			buildSettings = {
				ALWAYS_SEARCH_USER_PATHS = NO;
				CLANG_ANALYZER_NONNULL = YES;
				CLANG_ANALYZER_NUMBER_OBJECT_CONVERSION = YES_AGGRESSIVE;
				CLANG_CXX_LANGUAGE_STANDARD = "gnu++0x";
				CLANG_CXX_LIBRARY = "libc++";
				CLANG_ENABLE_MODULES = YES;
				CLANG_ENABLE_OBJC_ARC = YES;
				CLANG_WARN_BOOL_CONVERSION = YES;
				CLANG_WARN_CONSTANT_CONVERSION = YES;
				CLANG_WARN_DIRECT_OBJC_ISA_USAGE = YES_ERROR;
				CLANG_WARN_DOCUMENTATION_COMMENTS = YES;
				CLANG_WARN_EMPTY_BODY = YES;
				CLANG_WARN_ENUM_CONVERSION = YES;
				CLANG_WARN_INFINITE_RECURSION = YES;
				CLANG_WARN_INT_CONVERSION = YES;
				CLANG_WARN_OBJC_ROOT_CLASS = YES_ERROR;
				CLANG_WARN_SUSPICIOUS_MOVE = YES;
				CLANG_WARN_UNREACHABLE_CODE = YES;
				CLANG_WARN__DUPLICATE_METHOD_MATCH = YES;
				"CODE_SIGN_IDENTITY[sdk=iphoneos*]" = "iPhone Developer";
				COPY_PHASE_STRIP = NO;
				DEBUG_INFORMATION_FORMAT = dwarf;
				ENABLE_STRICT_OBJC_MSGSEND = YES;
				ENABLE_TESTABILITY = YES;
				GCC_C_LANGUAGE_STANDARD = gnu99;
				GCC_DYNAMIC_NO_PIC = NO;
				GCC_NO_COMMON_BLOCKS = YES;
				GCC_OPTIMIZATION_LEVEL = 0;
				GCC_PREPROCESSOR_DEFINITIONS = (
					"DEBUG=1",
					"$(inherited)",
				);
				GCC_WARN_64_TO_32_BIT_CONVERSION = YES;
				GCC_WARN_ABOUT_RETURN_TYPE = YES_ERROR;
				GCC_WARN_UNDECLARED_SELECTOR = YES;
				GCC_WARN_UNINITIALIZED_AUTOS = YES_AGGRESSIVE;
				GCC_WARN_UNUSED_FUNCTION = YES;
				GCC_WARN_UNUSED_VARIABLE = YES;
				IPHONEOS_DEPLOYMENT_TARGET = 10.3;
				MTL_ENABLE_DEBUG_INFO = YES;
				ONLY_ACTIVE_ARCH = YES;
				SDKROOT = iphoneos;
				SWIFT_ACTIVE_COMPILATION_CONDITIONS = DEBUG;
				SWIFT_OPTIMIZATION_LEVEL = "-Onone";
				TARGETED_DEVICE_FAMILY = "1,2";
			};
			name = Debug;
		};
		B3851BCF1F6C77BC00D8A8DC /* Release */ = {
			isa = XCBuildConfiguration;
			buildSettings = {
				ALWAYS_SEARCH_USER_PATHS = NO;
				CLANG_ANALYZER_NONNULL = YES;
				CLANG_ANALYZER_NUMBER_OBJECT_CONVERSION = YES_AGGRESSIVE;
				CLANG_CXX_LANGUAGE_STANDARD = "gnu++0x";
				CLANG_CXX_LIBRARY = "libc++";
				CLANG_ENABLE_MODULES = YES;
				CLANG_ENABLE_OBJC_ARC = YES;
				CLANG_WARN_BOOL_CONVERSION = YES;
				CLANG_WARN_CONSTANT_CONVERSION = YES;
				CLANG_WARN_DIRECT_OBJC_ISA_USAGE = YES_ERROR;
				CLANG_WARN_DOCUMENTATION_COMMENTS = YES;
				CLANG_WARN_EMPTY_BODY = YES;
				CLANG_WARN_ENUM_CONVERSION = YES;
				CLANG_WARN_INFINITE_RECURSION = YES;
				CLANG_WARN_INT_CONVERSION = YES;
				CLANG_WARN_OBJC_ROOT_CLASS = YES_ERROR;
				CLANG_WARN_SUSPICIOUS_MOVE = YES;
				CLANG_WARN_UNREACHABLE_CODE = YES;
				CLANG_WARN__DUPLICATE_METHOD_MATCH = YES;
				"CODE_SIGN_IDENTITY[sdk=iphoneos*]" = "iPhone Developer";
				COPY_PHASE_STRIP = NO;
				DEBUG_INFORMATION_FORMAT = "dwarf-with-dsym";
				ENABLE_NS_ASSERTIONS = NO;
				ENABLE_STRICT_OBJC_MSGSEND = YES;
				GCC_C_LANGUAGE_STANDARD = gnu99;
				GCC_NO_COMMON_BLOCKS = YES;
				GCC_WARN_64_TO_32_BIT_CONVERSION = YES;
				GCC_WARN_ABOUT_RETURN_TYPE = YES_ERROR;
				GCC_WARN_UNDECLARED_SELECTOR = YES;
				GCC_WARN_UNINITIALIZED_AUTOS = YES_AGGRESSIVE;
				GCC_WARN_UNUSED_FUNCTION = YES;
				GCC_WARN_UNUSED_VARIABLE = YES;
				IPHONEOS_DEPLOYMENT_TARGET = 10.3;
				MTL_ENABLE_DEBUG_INFO = NO;
				SDKROOT = iphoneos;
				SWIFT_OPTIMIZATION_LEVEL = "-Owholemodule";
				TARGETED_DEVICE_FAMILY = "1,2";
				VALIDATE_PRODUCT = YES;
			};
			name = Release;
		};
		B3851BD11F6C77BC00D8A8DC /* Debug */ = {
			isa = XCBuildConfiguration;
			baseConfigurationReference = ED69B7D8296C2615111F9347 /* Pods-QwkPassApp.debug.xcconfig */;
			buildSettings = {
				ASSETCATALOG_COMPILER_APPICON_NAME = AppIcon;
				INFOPLIST_FILE = QwkPassApp/Info.plist;
				LD_RUNPATH_SEARCH_PATHS = "$(inherited) @executable_path/Frameworks";
				PRODUCT_BUNDLE_IDENTIFIER = JBD.QwkPassApp;
				PRODUCT_NAME = "$(TARGET_NAME)";
				SWIFT_VERSION = 3.0;
			};
			name = Debug;
		};
		B3851BD21F6C77BC00D8A8DC /* Release */ = {
			isa = XCBuildConfiguration;
			baseConfigurationReference = 2FF4293ABB5FE7B5914C8480 /* Pods-QwkPassApp.release.xcconfig */;
			buildSettings = {
				ASSETCATALOG_COMPILER_APPICON_NAME = AppIcon;
				INFOPLIST_FILE = QwkPassApp/Info.plist;
				LD_RUNPATH_SEARCH_PATHS = "$(inherited) @executable_path/Frameworks";
				PRODUCT_BUNDLE_IDENTIFIER = JBD.QwkPassApp;
				PRODUCT_NAME = "$(TARGET_NAME)";
				SWIFT_VERSION = 3.0;
			};
			name = Release;
		};
		B3851BD41F6C77BC00D8A8DC /* Debug */ = {
			isa = XCBuildConfiguration;
			baseConfigurationReference = EAAB8A00B3BEDE3E5CA830A9 /* Pods-QwkPassAppTests.debug.xcconfig */;
			buildSettings = {
				ALWAYS_EMBED_SWIFT_STANDARD_LIBRARIES = YES;
				BUNDLE_LOADER = "$(TEST_HOST)";
				INFOPLIST_FILE = QwkPassAppTests/Info.plist;
				LD_RUNPATH_SEARCH_PATHS = "$(inherited) @executable_path/Frameworks @loader_path/Frameworks";
				PRODUCT_BUNDLE_IDENTIFIER = JBD.QwkPassAppTests;
				PRODUCT_NAME = "$(TARGET_NAME)";
				SWIFT_VERSION = 3.0;
				TEST_HOST = "$(BUILT_PRODUCTS_DIR)/QwkPassApp.app/QwkPassApp";
			};
			name = Debug;
		};
		B3851BD51F6C77BC00D8A8DC /* Release */ = {
			isa = XCBuildConfiguration;
			baseConfigurationReference = 82A10AD830205B55F0C91607 /* Pods-QwkPassAppTests.release.xcconfig */;
			buildSettings = {
				ALWAYS_EMBED_SWIFT_STANDARD_LIBRARIES = YES;
				BUNDLE_LOADER = "$(TEST_HOST)";
				INFOPLIST_FILE = QwkPassAppTests/Info.plist;
				LD_RUNPATH_SEARCH_PATHS = "$(inherited) @executable_path/Frameworks @loader_path/Frameworks";
				PRODUCT_BUNDLE_IDENTIFIER = JBD.QwkPassAppTests;
				PRODUCT_NAME = "$(TARGET_NAME)";
				SWIFT_VERSION = 3.0;
				TEST_HOST = "$(BUILT_PRODUCTS_DIR)/QwkPassApp.app/QwkPassApp";
			};
			name = Release;
		};
		B3851BD71F6C77BC00D8A8DC /* Debug */ = {
			isa = XCBuildConfiguration;
			baseConfigurationReference = 18000553D955F58F6BEB0E81 /* Pods-QwkPassAppUITests.debug.xcconfig */;
			buildSettings = {
				ALWAYS_EMBED_SWIFT_STANDARD_LIBRARIES = YES;
				INFOPLIST_FILE = QwkPassAppUITests/Info.plist;
				LD_RUNPATH_SEARCH_PATHS = "$(inherited) @executable_path/Frameworks @loader_path/Frameworks";
				PRODUCT_BUNDLE_IDENTIFIER = JBD.QwkPassAppUITests;
				PRODUCT_NAME = "$(TARGET_NAME)";
				SWIFT_VERSION = 3.0;
				TEST_TARGET_NAME = QwkPassApp;
			};
			name = Debug;
		};
		B3851BD81F6C77BC00D8A8DC /* Release */ = {
			isa = XCBuildConfiguration;
			baseConfigurationReference = C1C9DA37F4656680B8C548AA /* Pods-QwkPassAppUITests.release.xcconfig */;
			buildSettings = {
				ALWAYS_EMBED_SWIFT_STANDARD_LIBRARIES = YES;
				INFOPLIST_FILE = QwkPassAppUITests/Info.plist;
				LD_RUNPATH_SEARCH_PATHS = "$(inherited) @executable_path/Frameworks @loader_path/Frameworks";
				PRODUCT_BUNDLE_IDENTIFIER = JBD.QwkPassAppUITests;
				PRODUCT_NAME = "$(TARGET_NAME)";
				SWIFT_VERSION = 3.0;
				TEST_TARGET_NAME = QwkPassApp;
			};
			name = Release;
		};
/* End XCBuildConfiguration section */

/* Begin XCConfigurationList section */
		B3851BA31F6C77BC00D8A8DC /* Build configuration list for PBXProject "QwkPassApp" */ = {
			isa = XCConfigurationList;
			buildConfigurations = (
				B3851BCE1F6C77BC00D8A8DC /* Debug */,
				B3851BCF1F6C77BC00D8A8DC /* Release */,
			);
			defaultConfigurationIsVisible = 0;
			defaultConfigurationName = Release;
		};
		B3851BD01F6C77BC00D8A8DC /* Build configuration list for PBXNativeTarget "QwkPassApp" */ = {
			isa = XCConfigurationList;
			buildConfigurations = (
				B3851BD11F6C77BC00D8A8DC /* Debug */,
				B3851BD21F6C77BC00D8A8DC /* Release */,
			);
			defaultConfigurationIsVisible = 0;
			defaultConfigurationName = Release;
		};
		B3851BD31F6C77BC00D8A8DC /* Build configuration list for PBXNativeTarget "QwkPassAppTests" */ = {
			isa = XCConfigurationList;
			buildConfigurations = (
				B3851BD41F6C77BC00D8A8DC /* Debug */,
				B3851BD51F6C77BC00D8A8DC /* Release */,
			);
			defaultConfigurationIsVisible = 0;
			defaultConfigurationName = Release;
		};
		B3851BD61F6C77BC00D8A8DC /* Build configuration list for PBXNativeTarget "QwkPassAppUITests" */ = {
			isa = XCConfigurationList;
			buildConfigurations = (
				B3851BD71F6C77BC00D8A8DC /* Debug */,
				B3851BD81F6C77BC00D8A8DC /* Release */,
			);
			defaultConfigurationIsVisible = 0;
			defaultConfigurationName = Release;
		};
/* End XCConfigurationList section */
	};
	rootObject = B3851BA01F6C77BC00D8A8DC /* Project object */;
}
